
Microsoft Visual Studio Solution File, Format Version 12.00
# Visual Studio Version 17
VisualStudioVersion = 17.3.32825.248
MinimumVisualStudioVersion = 10.0.40219.1
Project("{FAE04EC0-301F-11D3-BF4B-00C04F79EFBC}") = "SPP_tracer_console", "SPP_tracer_console\SPP_tracer_console.csproj", "{BBC0A0FB-E502-49CA-B3D8-FDA55F876076}"
EndProject
Project("{FAE04EC0-301F-11D3-BF4B-00C04F79EFBC}") = "SPP_tracer", "SPP_tracer\SPP_tracer.csproj", "{4B055F34-471C-4F51-97AC-CB8D4F84EDA5}"
EndProject
Global
	GlobalSection(SolutionConfigurationPlatforms) = preSolution
		Debug|Any CPU = Debug|Any CPU
		Release|Any CPU = Release|Any CPU
	EndGlobalSection
	GlobalSection(ProjectConfigurationPlatforms) = postSolution
		{BBC0A0FB-E502-49CA-B3D8-FDA55F876076}.Debug|Any CPU.ActiveCfg = Debug|Any CPU
		{BBC0A0FB-E502-49CA-B3D8-FDA55F876076}.Debug|Any CPU.Build.0 = Debug|Any CPU
		{BBC0A0FB-E502-49CA-B3D8-FDA55F876076}.Release|Any CPU.ActiveCfg = Release|Any CPU
		{BBC0A0FB-E502-49CA-B3D8-FDA55F876076}.Release|Any CPU.Build.0 = Release|Any CPU
		{4B055F34-471C-4F51-97AC-CB8D4F84EDA5}.Debug|Any CPU.ActiveCfg = Debug|Any CPU
		{4B055F34-471C-4F51-97AC-CB8D4F84EDA5}.Debug|Any CPU.Build.0 = Debug|Any CPU
		{4B055F34-471C-4F51-97AC-CB8D4F84EDA5}.Release|Any CPU.ActiveCfg = Release|Any CPU
		{4B055F34-471C-4F51-97AC-CB8D4F84EDA5}.Release|Any CPU.Build.0 = Release|Any CPU
	EndGlobalSection
	GlobalSection(SolutionProperties) = preSolution
		HideSolutionNode = FALSE
	EndGlobalSection
	GlobalSection(ExtensibilityGlobals) = postSolution
		SolutionGuid = {9BF6C191-A614-4A8C-AD7F-81F9EE576CA0}
	EndGlobalSection
EndGlobal
